{
  "object": {
    "pins": [
      {
        "package": "KitabooReaderSDKSPM",
        "repositoryURL": "https://github.com/hardikhadwani-hurix/KitabooReaderSDKSPM",
        "state": {
          "branch": null,
          "revision": "fde167731e74efcccb1e95da8d29cf2d1be0b730",
          "version": "1.0.2"
        }
      },
      {
        "package": "KitabooSDKWithReaderSPM",
        "repositoryURL": "https://github.com/hardikhadwani-hurix/KitabooSDKWithReader",
        "state": {
          "branch": null,
          "revision": "60d75756aaa39c988f6eabe6f5dd9e5b7b3d1084",
          "version": "1.0.9"
        }
      }
    ]
  },
  "version": 1
}
