{
  "object": {
    "pins": [
      {
        "package": "KitabooSDKWithReaderSPM",
        "repositoryURL": "https://github.com/hardikhadwani-hurix/KitabooSDKWithReader",
        "state": {
          "branch": null,
          "revision": "3900f887a8d2fce2efb9e6c5a810f442313c9fca",
          "version": "1.0.4"
        }
      },
      {
        "package": "HardikSPM",
        "repositoryURL": "https://github.com/hardikhadwani-hurix/MyFirstSPM",
        "state": {
          "branch": null,
          "revision": "15229b86387661d076824a6bfe890a746276b729",
          "version": "1.2.1"
        }
      }
    ]
  },
  "version": 1
}
