{
  "object": {
    "pins": [
      {
        "package": "KitabooReaderSDKSPM",
        "repositoryURL": "https://github.com/hardikhadwani-hurix/KitabooReaderSDKSPM",
        "state": {
          "branch": null,
          "revision": "fde167731e74efcccb1e95da8d29cf2d1be0b730",
          "version": "1.0.1"
        }
      },
      {
        "package": "KitabooSDKWithReaderSPM",
        "repositoryURL": "https://github.com/hardikhadwani-hurix/KitabooSDKWithReader",
        "state": {
          "branch": null,
          "revision": "1218845dab768349416de62bf3f2ff54ebfa6bdd",
          "version": "1.0.6"
        }
      }
    ]
  },
  "version": 1
}
